
Microsoft Visual Studio Solution File, Format Version 12.00
# Visual Studio Version 17
VisualStudioVersion = 17.8.34511.84
MinimumVisualStudioVersion = 10.0.40219.1
Project("{FAE04EC0-301F-11D3-BF4B-00C04F79EFBC}") = "CRUDApplication", "CRUDApplication\CRUDApplication.csproj", "{72F32556-5CA6-45FE-8B03-DAA238FB8DCD}"
EndProject
Global
	GlobalSection(SolutionConfigurationPlatforms) = preSolution
		Debug|Any CPU = Debug|Any CPU
		Release|Any CPU = Release|Any CPU
	EndGlobalSection
	GlobalSection(ProjectConfigurationPlatforms) = postSolution
		{72F32556-5CA6-45FE-8B03-DAA238FB8DCD}.Debug|Any CPU.ActiveCfg = Debug|Any CPU
		{72F32556-5CA6-45FE-8B03-DAA238FB8DCD}.Debug|Any CPU.Build.0 = Debug|Any CPU
		{72F32556-5CA6-45FE-8B03-DAA238FB8DCD}.Release|Any CPU.ActiveCfg = Release|Any CPU
		{72F32556-5CA6-45FE-8B03-DAA238FB8DCD}.Release|Any CPU.Build.0 = Release|Any CPU
	EndGlobalSection
	GlobalSection(SolutionProperties) = preSolution
		HideSolutionNode = FALSE
	EndGlobalSection
	GlobalSection(ExtensibilityGlobals) = postSolution
		SolutionGuid = {11241F32-CE19-448A-97AB-FA689B751E59}
	EndGlobalSection
EndGlobal
